
Microsoft Visual Studio Solution File, Format Version 12.00
# Visual Studio Version 17
VisualStudioVersion = 17.12.35527.113
MinimumVisualStudioVersion = 10.0.40219.1
Project("{2150E333-8FDC-42A3-9474-1A3956D46DE8}") = "Application", "Application", "{D7435A09-A09A-430F-8DCA-0B8CCF029D3F}"
EndProject
Project("{FAE04EC0-301F-11D3-BF4B-00C04F79EFBC}") = "Shophub.Server", "Shophub.Server\Shophub.Server.csproj", "{83661677-BE52-4214-88E5-400949894591}"
EndProject
Project("{FAE04EC0-301F-11D3-BF4B-00C04F79EFBC}") = "ShopHub.PrimaryPorts", "ShopHub.PrimaryPorts\ShopHub.PrimaryPorts.csproj", "{0DC3E135-6CDC-4CA7-9C68-917B8EC8592D}"
EndProject
Project("{FAE04EC0-301F-11D3-BF4B-00C04F79EFBC}") = "ShopHub.SecondaryPorts", "ShopHub.SecondaryPorts\ShopHub.SecondaryPorts.csproj", "{A1D75776-0E7B-4CFD-B5DE-32B1DBFA045F}"
EndProject
Project("{FAE04EC0-301F-11D3-BF4B-00C04F79EFBC}") = "ShopHub.PrimaryAdapters", "ShopHub.PrimaryAdapters\ShopHub.PrimaryAdapters.csproj", "{AB7AAEF5-6749-4BB8-A4B1-A2F80B61F386}"
EndProject
Project("{FAE04EC0-301F-11D3-BF4B-00C04F79EFBC}") = "ShopHub.SecondaryAdapters", "ShopHub.SecondaryAdapters\ShopHub.SecondaryAdapters.csproj", "{9FA84FCF-FAB3-48EC-8652-D8A538031323}"
EndProject
Project("{FAE04EC0-301F-11D3-BF4B-00C04F79EFBC}") = "ShopHub.BusinessLogic", "ShopHub.BusinessLogic\ShopHub.BusinessLogic.csproj", "{0948D80D-0C1E-4C40-BF6B-D7296EB84121}"
EndProject
Project("{FAE04EC0-301F-11D3-BF4B-00C04F79EFBC}") = "ShopHub.Shared.Common", "..\shophub-shared\ShopHub.Shared.Common\ShopHub.Shared.Common.csproj", "{92E37EE6-C975-4D39-8F1E-6CC1546EC73E}"
EndProject
Project("{E53339B2-1760-4266-BCC7-CA923CBCF16C}") = "docker-compose", "docker-compose.dcproj", "{4433B88E-66B0-4092-A992-E52572B551B0}"
EndProject
Global
	GlobalSection(SolutionConfigurationPlatforms) = preSolution
		Debug|Any CPU = Debug|Any CPU
		Release|Any CPU = Release|Any CPU
	EndGlobalSection
	GlobalSection(ProjectConfigurationPlatforms) = postSolution
		{83661677-BE52-4214-88E5-400949894591}.Debug|Any CPU.ActiveCfg = Debug|Any CPU
		{83661677-BE52-4214-88E5-400949894591}.Debug|Any CPU.Build.0 = Debug|Any CPU
		{83661677-BE52-4214-88E5-400949894591}.Release|Any CPU.ActiveCfg = Release|Any CPU
		{83661677-BE52-4214-88E5-400949894591}.Release|Any CPU.Build.0 = Release|Any CPU
		{0DC3E135-6CDC-4CA7-9C68-917B8EC8592D}.Debug|Any CPU.ActiveCfg = Debug|Any CPU
		{0DC3E135-6CDC-4CA7-9C68-917B8EC8592D}.Debug|Any CPU.Build.0 = Debug|Any CPU
		{0DC3E135-6CDC-4CA7-9C68-917B8EC8592D}.Release|Any CPU.ActiveCfg = Release|Any CPU
		{0DC3E135-6CDC-4CA7-9C68-917B8EC8592D}.Release|Any CPU.Build.0 = Release|Any CPU
		{A1D75776-0E7B-4CFD-B5DE-32B1DBFA045F}.Debug|Any CPU.ActiveCfg = Debug|Any CPU
		{A1D75776-0E7B-4CFD-B5DE-32B1DBFA045F}.Debug|Any CPU.Build.0 = Debug|Any CPU
		{A1D75776-0E7B-4CFD-B5DE-32B1DBFA045F}.Release|Any CPU.ActiveCfg = Release|Any CPU
		{A1D75776-0E7B-4CFD-B5DE-32B1DBFA045F}.Release|Any CPU.Build.0 = Release|Any CPU
		{AB7AAEF5-6749-4BB8-A4B1-A2F80B61F386}.Debug|Any CPU.ActiveCfg = Debug|Any CPU
		{AB7AAEF5-6749-4BB8-A4B1-A2F80B61F386}.Debug|Any CPU.Build.0 = Debug|Any CPU
		{AB7AAEF5-6749-4BB8-A4B1-A2F80B61F386}.Release|Any CPU.ActiveCfg = Release|Any CPU
		{AB7AAEF5-6749-4BB8-A4B1-A2F80B61F386}.Release|Any CPU.Build.0 = Release|Any CPU
		{9FA84FCF-FAB3-48EC-8652-D8A538031323}.Debug|Any CPU.ActiveCfg = Debug|Any CPU
		{9FA84FCF-FAB3-48EC-8652-D8A538031323}.Debug|Any CPU.Build.0 = Debug|Any CPU
		{9FA84FCF-FAB3-48EC-8652-D8A538031323}.Release|Any CPU.ActiveCfg = Release|Any CPU
		{9FA84FCF-FAB3-48EC-8652-D8A538031323}.Release|Any CPU.Build.0 = Release|Any CPU
		{0948D80D-0C1E-4C40-BF6B-D7296EB84121}.Debug|Any CPU.ActiveCfg = Debug|Any CPU
		{0948D80D-0C1E-4C40-BF6B-D7296EB84121}.Debug|Any CPU.Build.0 = Debug|Any CPU
		{0948D80D-0C1E-4C40-BF6B-D7296EB84121}.Release|Any CPU.ActiveCfg = Release|Any CPU
		{0948D80D-0C1E-4C40-BF6B-D7296EB84121}.Release|Any CPU.Build.0 = Release|Any CPU
		{92E37EE6-C975-4D39-8F1E-6CC1546EC73E}.Debug|Any CPU.ActiveCfg = Debug|Any CPU
		{92E37EE6-C975-4D39-8F1E-6CC1546EC73E}.Debug|Any CPU.Build.0 = Debug|Any CPU
		{92E37EE6-C975-4D39-8F1E-6CC1546EC73E}.Release|Any CPU.ActiveCfg = Release|Any CPU
		{92E37EE6-C975-4D39-8F1E-6CC1546EC73E}.Release|Any CPU.Build.0 = Release|Any CPU
		{4433B88E-66B0-4092-A992-E52572B551B0}.Debug|Any CPU.ActiveCfg = Debug|Any CPU
		{4433B88E-66B0-4092-A992-E52572B551B0}.Debug|Any CPU.Build.0 = Debug|Any CPU
		{4433B88E-66B0-4092-A992-E52572B551B0}.Release|Any CPU.ActiveCfg = Release|Any CPU
		{4433B88E-66B0-4092-A992-E52572B551B0}.Release|Any CPU.Build.0 = Release|Any CPU
	EndGlobalSection
	GlobalSection(SolutionProperties) = preSolution
		HideSolutionNode = FALSE
	EndGlobalSection
	GlobalSection(NestedProjects) = preSolution
		{0DC3E135-6CDC-4CA7-9C68-917B8EC8592D} = {D7435A09-A09A-430F-8DCA-0B8CCF029D3F}
		{A1D75776-0E7B-4CFD-B5DE-32B1DBFA045F} = {D7435A09-A09A-430F-8DCA-0B8CCF029D3F}
		{AB7AAEF5-6749-4BB8-A4B1-A2F80B61F386} = {D7435A09-A09A-430F-8DCA-0B8CCF029D3F}
		{9FA84FCF-FAB3-48EC-8652-D8A538031323} = {D7435A09-A09A-430F-8DCA-0B8CCF029D3F}
		{0948D80D-0C1E-4C40-BF6B-D7296EB84121} = {D7435A09-A09A-430F-8DCA-0B8CCF029D3F}
	EndGlobalSection
EndGlobal
